
Microsoft Visual Studio Solution File, Format Version 12.00
# Visual Studio 15
Project("{FAE04EC0-301F-11D3-BF4B-00C04F79EFBC}") = "ArmatSoftware.Code.Engine.Core", "ArmatSoftware.Code.Engine.Core\ArmatSoftware.Code.Engine.Core.csproj", "{2569C0E7-B700-4753-963B-788C0121F46C}"
EndProject
Project("{FAE04EC0-301F-11D3-BF4B-00C04F79EFBC}") = "ArmatSoftware.Code.Engine.Compiler", "ArmatSoftware.Code.Engine.Compiler\ArmatSoftware.Code.Engine.Compiler.csproj", "{8D8A9BAF-5B2E-41AB-AE43-F04077055E26}"
EndProject
Project("{FAE04EC0-301F-11D3-BF4B-00C04F79EFBC}") = "ArmatSoftware.Code.Engine.Tests.Unit", "ArmatSoftware.Code.Engine.Tests.Unit\ArmatSoftware.Code.Engine.Tests.Unit.csproj", "{0242EA6B-8A9F-4B01-9BEC-22A1AA19CB1D}"
EndProject
Global
	GlobalSection(SolutionConfigurationPlatforms) = preSolution
		Debug|Any CPU = Debug|Any CPU
		Release|Any CPU = Release|Any CPU
	EndGlobalSection
	GlobalSection(ProjectConfigurationPlatforms) = postSolution
		{2569C0E7-B700-4753-963B-788C0121F46C}.Debug|Any CPU.ActiveCfg = Debug|Any CPU
		{2569C0E7-B700-4753-963B-788C0121F46C}.Debug|Any CPU.Build.0 = Debug|Any CPU
		{2569C0E7-B700-4753-963B-788C0121F46C}.Release|Any CPU.ActiveCfg = Release|Any CPU
		{2569C0E7-B700-4753-963B-788C0121F46C}.Release|Any CPU.Build.0 = Release|Any CPU
		{8D8A9BAF-5B2E-41AB-AE43-F04077055E26}.Debug|Any CPU.ActiveCfg = Debug|Any CPU
		{8D8A9BAF-5B2E-41AB-AE43-F04077055E26}.Debug|Any CPU.Build.0 = Debug|Any CPU
		{8D8A9BAF-5B2E-41AB-AE43-F04077055E26}.Release|Any CPU.ActiveCfg = Release|Any CPU
		{8D8A9BAF-5B2E-41AB-AE43-F04077055E26}.Release|Any CPU.Build.0 = Release|Any CPU
		{0242EA6B-8A9F-4B01-9BEC-22A1AA19CB1D}.Debug|Any CPU.ActiveCfg = Debug|Any CPU
		{0242EA6B-8A9F-4B01-9BEC-22A1AA19CB1D}.Debug|Any CPU.Build.0 = Debug|Any CPU
		{0242EA6B-8A9F-4B01-9BEC-22A1AA19CB1D}.Release|Any CPU.ActiveCfg = Release|Any CPU
		{0242EA6B-8A9F-4B01-9BEC-22A1AA19CB1D}.Release|Any CPU.Build.0 = Release|Any CPU
	EndGlobalSection
EndGlobal
